{
  "name": "cluedo",
  "version": "0.0.1",
  "lockfileVersion": 1,
  "requires": true,
  "dependencies": {
    "bower": {
      "version": "1.8.2",
      "resolved": "https://registry.npmjs.org/bower/-/bower-1.8.2.tgz",
      "integrity": "sha1-rfU1KcjUrwLvJPuNU0HBQZ0z4vc="
    },
    "chance": {
      "version": "1.0.11",
      "resolved": "https://registry.npmjs.org/chance/-/chance-1.0.11.tgz",
      "integrity": "sha512-PK8Zmz6kJAkwwJuiTZvjcFX11/H+BvVd2r8dnHrDRXmOLoUHh4Hxiv+YyYTcT7sdFzP9LhMS3O3C/7f+7gSQ2g=="
    },
    "colors": {
      "version": "github:Zleub/colors.js#7bc0348d35aa67a20a7665808d0013bb8799fabb"
    },
    "graphql": {
      "version": "0.10.5",
      "resolved": "https://registry.npmjs.org/graphql/-/graphql-0.10.5.tgz",
      "integrity": "sha512-Q7cx22DiLhwHsEfUnUip1Ww/Vfx7FS0w6+iHItNuN61+XpegHSa3k5U0+6M5BcpavQImBwFiy0z3uYwY7cXMLQ==",
      "requires": {
        "iterall": "1.1.1"
      }
    },
    "iterall": {
      "version": "1.1.1",
      "resolved": "https://registry.npmjs.org/iterall/-/iterall-1.1.1.tgz",
      "integrity": "sha1-9/CvEemgTsZCYmD1AZ2fzKTVAhQ="
    }
  }
}
